
Microsoft Visual Studio Solution File, Format Version 12.00
# Visual Studio Version 16
VisualStudioVersion = 16.0.31409.214
MinimumVisualStudioVersion = 10.0.40219.1
Project("{FAE04EC0-301F-11D3-BF4B-00C04F79EFBC}") = "AuthSample", "AuthSample\AuthSample.csproj", "{65E71A86-8023-4981-A41A-16963221706A}"
EndProject
Global
	GlobalSection(SolutionConfigurationPlatforms) = preSolution
		Debug|Any CPU = Debug|Any CPU
		Release|Any CPU = Release|Any CPU
	EndGlobalSection
	GlobalSection(ProjectConfigurationPlatforms) = postSolution
		{65E71A86-8023-4981-A41A-16963221706A}.Debug|Any CPU.ActiveCfg = Debug|Any CPU
		{65E71A86-8023-4981-A41A-16963221706A}.Debug|Any CPU.Build.0 = Debug|Any CPU
		{65E71A86-8023-4981-A41A-16963221706A}.Release|Any CPU.ActiveCfg = Release|Any CPU
		{65E71A86-8023-4981-A41A-16963221706A}.Release|Any CPU.Build.0 = Release|Any CPU
	EndGlobalSection
	GlobalSection(SolutionProperties) = preSolution
		HideSolutionNode = FALSE
	EndGlobalSection
	GlobalSection(ExtensibilityGlobals) = postSolution
		SolutionGuid = {F10FD874-5DF1-4ED4-839A-659E510C2C42}
	EndGlobalSection
EndGlobal
